<?xml version="1.0" encoding="utf-8"?>
<Project ToolsVersion="4.0" xmlns="http://schemas.microsoft.com/developer/msbuild/2003">
  <ItemGroup>
    <Filter Include="File di origine">
      <UniqueIdentifier>{4FC737F1-C7A5-4376-A066-2A32D752A2FF}</UniqueIdentifier>
      <Extensions>cpp;c;cc;cxx;c++;cppm;ixx;def;odl;idl;hpj;bat;asm;asmx</Extensions>
    </Filter>
    <Filter Include="File di intestazione">
      <UniqueIdentifier>{93995380-89BD-4b04-88EB-625FBE52EBFB}</UniqueIdentifier>
      <Extensions>h;hh;hpp;hxx;h++;hm;inl;inc;ipp;xsd</Extensions>
    </Filter>
    <Filter Include="File di risorse">
      <UniqueIdentifier>{67DA6AB6-F800-4c08-8B7A-83BB121AAD01}</UniqueIdentifier>
      <Extensions>rc;ico;cur;bmp;dlg;rc2;rct;bin;rgs;gif;jpg;jpeg;jpe;resx;tiff;tif;png;wav;mfcribbon-ms</Extensions>
    </Filter>
  </ItemGroup>
  <ItemGroup>
    <ClCompile Include="Cliente.cpp">
      <Filter>File di origine</Filter>
    </ClCompile>
    <ClCompile Include="DatabaseManager.cpp">
      <Filter>File di origine</Filter>
    </ClCompile>
    <ClCompile Include="Filato.cpp">
      <Filter>File di origine</Filter>
    </ClCompile>
    <ClCompile Include="FinestraRecord.cpp">
      <Filter>File di origine</Filter>
    </ClCompile>
    <ClCompile Include="Fornitore.cpp">
      <Filter>File di origine</Filter>
    </ClCompile>
    <ClCompile Include="Menu.cpp">
      <Filter>File di origine</Filter>
    </ClCompile>
    <ClCompile Include="Prodotto.cpp">
      <Filter>File di origine</Filter>
    </ClCompile>
    <ClCompile Include="Tecnico.cpp">
      <Filter>File di origine</Filter>
    </ClCompile>
    <ClCompile Include="GestionaleMGS.cpp">
      <Filter>File di origine</Filter>
    </ClCompile>
    <ClCompile Include="Immagine.cpp">
      <Filter>File di origine</Filter>
    </ClCompile>
    <ClCompile Include="ConfigurazioneDatabase.cpp">
      <Filter>File di origine</Filter>
    </ClCompile>
    <ClCompile Include="InterfacciaGrafica.cpp">
      <Filter>File di origine</Filter>
    </ClCompile>
    <ClCompile Include="SchermataAvvio.cpp">
      <Filter>File di origine</Filter>
    </ClCompile>
  </ItemGroup>
  <ItemGroup>
    <ClInclude Include="Cliente.hpp">
      <Filter>File di intestazione</Filter>
    </ClInclude>
    <ClInclude Include="DatabaseManager.hpp">
      <Filter>File di intestazione</Filter>
    </ClInclude>
    <ClInclude Include="Filato.hpp">
      <Filter>File di intestazione</Filter>
    </ClInclude>
    <ClInclude Include="FinestraRecord.hpp">
      <Filter>File di intestazione</Filter>
    </ClInclude>
    <ClInclude Include="Fornitore.hpp">
      <Filter>File di intestazione</Filter>
    </ClInclude>
    <ClInclude Include="Menu.hpp">
      <Filter>File di intestazione</Filter>
    </ClInclude>
    <ClInclude Include="Prodotto.hpp">
      <Filter>File di intestazione</Filter>
    </ClInclude>
    <ClInclude Include="Tecnico.hpp">
      <Filter>File di intestazione</Filter>
    </ClInclude>
    <ClInclude Include="Immagine.hpp">
      <Filter>File di intestazione</Filter>
    </ClInclude>
    <ClInclude Include="ConfigurazioneDatabase.hpp">
      <Filter>File di intestazione</Filter>
    </ClInclude>
    <ClInclude Include="InterfacciaGrafica.hpp">
      <Filter>File di intestazione</Filter>
    </ClInclude>
    <ClInclude Include="SchermataAvvio.hpp">
      <Filter>File di intestazione</Filter>
    </ClInclude>
  </ItemGroup>
  <ItemGroup>
    <None Include="Risorse\gran-sasso-intro-logo-preview.gif">
      <Filter>File di risorse</Filter>
    </None>
    <None Include="Risorse\logo-gran-sasso.png">
      <Filter>File di risorse</Filter>
    </None>
  </ItemGroup>
</Project>

